// !$*UTF8*$!
{
	archiveVersion = 1;
	classes = {
	};
	objectVersion = 50;
	objects = {

/* Begin PBXBuildFile section */
		3F231C58227B92110029E22C /* MailExtension.swift in Sources */ = {isa = PBXBuildFile; fileRef = 3F231C57227B92110029E22C /* MailExtension.swift */; };
		3F231C5A227B92D40029E22C /* AuthManager.swift in Sources */ = {isa = PBXBuildFile; fileRef = 3F231C59227B92D40029E22C /* AuthManager.swift */; };
		3F29259A227AC87400747498 /* ScrollViewExtension.swift in Sources */ = {isa = PBXBuildFile; fileRef = 3F292599227AC87400747498 /* ScrollViewExtension.swift */; };
		3F29259D227AC92300747498 /* Alerts.swift in Sources */ = {isa = PBXBuildFile; fileRef = 3F29259C227AC92300747498 /* Alerts.swift */; };
		3FAC5F6B2279FBBC00CC3238 /* AppDelegate.swift in Sources */ = {isa = PBXBuildFile; fileRef = 3FAC5F6A2279FBBC00CC3238 /* AppDelegate.swift */; };
		3FAC5F6D2279FBBC00CC3238 /* ViewController.swift in Sources */ = {isa = PBXBuildFile; fileRef = 3FAC5F6C2279FBBC00CC3238 /* ViewController.swift */; };
		3FAC5F702279FBBC00CC3238 /* Main.storyboard in Resources */ = {isa = PBXBuildFile; fileRef = 3FAC5F6E2279FBBC00CC3238 /* Main.storyboard */; };
		3FAC5F722279FBBE00CC3238 /* Assets.xcassets in Resources */ = {isa = PBXBuildFile; fileRef = 3FAC5F712279FBBE00CC3238 /* Assets.xcassets */; };
		3FAC5F752279FBBE00CC3238 /* LaunchScreen.storyboard in Resources */ = {isa = PBXBuildFile; fileRef = 3FAC5F732279FBBE00CC3238 /* LaunchScreen.storyboard */; };
		3FAC5F802279FDC400CC3238 /* GoogleService-Info.plist in Resources */ = {isa = PBXBuildFile; fileRef = 3FAC5F7F2279FDC400CC3238 /* GoogleService-Info.plist */; };
		75E2A27FCA0523676F109668 /* Pods_FirebaseLog.framework in Frameworks */ = {isa = PBXBuildFile; fileRef = 32378322DFC1054D6C4A7F8E /* Pods_FirebaseLog.framework */; };
/* End PBXBuildFile section */

/* Begin PBXFileReference section */
		32378322DFC1054D6C4A7F8E /* Pods_FirebaseLog.framework */ = {isa = PBXFileReference; explicitFileType = wrapper.framework; includeInIndex = 0; path = Pods_FirebaseLog.framework; sourceTree = BUILT_PRODUCTS_DIR; };
		3F231C57227B92110029E22C /* MailExtension.swift */ = {isa = PBXFileReference; lastKnownFileType = sourcecode.swift; path = MailExtension.swift; sourceTree = "<group>"; };
		3F231C59227B92D40029E22C /* AuthManager.swift */ = {isa = PBXFileReference; lastKnownFileType = sourcecode.swift; path = AuthManager.swift; sourceTree = "<group>"; };
		3F292599227AC87400747498 /* ScrollViewExtension.swift */ = {isa = PBXFileReference; lastKnownFileType = sourcecode.swift; path = ScrollViewExtension.swift; sourceTree = "<group>"; };
		3F29259C227AC92300747498 /* Alerts.swift */ = {isa = PBXFileReference; lastKnownFileType = sourcecode.swift; path = Alerts.swift; sourceTree = "<group>"; };
		3FAC5F672279FBBC00CC3238 /* FirebaseLog.app */ = {isa = PBXFileReference; explicitFileType = wrapper.application; includeInIndex = 0; path = FirebaseLog.app; sourceTree = BUILT_PRODUCTS_DIR; };
		3FAC5F6A2279FBBC00CC3238 /* AppDelegate.swift */ = {isa = PBXFileReference; lastKnownFileType = sourcecode.swift; path = AppDelegate.swift; sourceTree = "<group>"; };
		3FAC5F6C2279FBBC00CC3238 /* ViewController.swift */ = {isa = PBXFileReference; lastKnownFileType = sourcecode.swift; path = ViewController.swift; sourceTree = "<group>"; };
		3FAC5F6F2279FBBC00CC3238 /* Base */ = {isa = PBXFileReference; lastKnownFileType = file.storyboard; name = Base; path = Base.lproj/Main.storyboard; sourceTree = "<group>"; };
		3FAC5F712279FBBE00CC3238 /* Assets.xcassets */ = {isa = PBXFileReference; lastKnownFileType = folder.assetcatalog; path = Assets.xcassets; sourceTree = "<group>"; };
		3FAC5F742279FBBE00CC3238 /* Base */ = {isa = PBXFileReference; lastKnownFileType = file.storyboard; name = Base; path = Base.lproj/LaunchScreen.storyboard; sourceTree = "<group>"; };
		3FAC5F762279FBBE00CC3238 /* Info.plist */ = {isa = PBXFileReference; lastKnownFileType = text.plist.xml; path = Info.plist; sourceTree = "<group>"; };
		3FAC5F7F2279FDC400CC3238 /* GoogleService-Info.plist */ = {isa = PBXFileReference; fileEncoding = 4; lastKnownFileType = text.plist.xml; path = "GoogleService-Info.plist"; sourceTree = "<group>"; };
		46EC403BB8FDE6AECAC82C26 /* Pods-FirebaseLog.debug.xcconfig */ = {isa = PBXFileReference; includeInIndex = 1; lastKnownFileType = text.xcconfig; name = "Pods-FirebaseLog.debug.xcconfig"; path = "Pods/Target Support Files/Pods-FirebaseLog/Pods-FirebaseLog.debug.xcconfig"; sourceTree = "<group>"; };
		6B4DF325813A8AFDE2ADD11C /* Pods-FirebaseLog.release.xcconfig */ = {isa = PBXFileReference; includeInIndex = 1; lastKnownFileType = text.xcconfig; name = "Pods-FirebaseLog.release.xcconfig"; path = "Pods/Target Support Files/Pods-FirebaseLog/Pods-FirebaseLog.release.xcconfig"; sourceTree = "<group>"; };
/* End PBXFileReference section */

/* Begin PBXFrameworksBuildPhase section */
		3FAC5F642279FBBC00CC3238 /* Frameworks */ = {
			isa = PBXFrameworksBuildPhase;
			buildActionMask = 2147483647;
			files = (
				75E2A27FCA0523676F109668 /* Pods_FirebaseLog.framework in Frameworks */,
			);
			runOnlyForDeploymentPostprocessing = 0;
		};
/* End PBXFrameworksBuildPhase section */

/* Begin PBXGroup section */
		32C449BC3E36924F6FF425D5 /* Frameworks */ = {
			isa = PBXGroup;
			children = (
				32378322DFC1054D6C4A7F8E /* Pods_FirebaseLog.framework */,
			);
			name = Frameworks;
			sourceTree = "<group>";
		};
		3F292598227AC82700747498 /* Extensions */ = {
			isa = PBXGroup;
			children = (
				3F292599227AC87400747498 /* ScrollViewExtension.swift */,
				3F231C57227B92110029E22C /* MailExtension.swift */,
				3F231C59227B92D40029E22C /* AuthManager.swift */,
			);
			path = Extensions;
			sourceTree = "<group>";
		};
		3F29259B227AC91500747498 /* Model */ = {
			isa = PBXGroup;
			children = (
				3F29259C227AC92300747498 /* Alerts.swift */,
			);
			path = Model;
			sourceTree = "<group>";
		};
		3FAC5F5E2279FBBC00CC3238 = {
			isa = PBXGroup;
			children = (
				3FAC5F692279FBBC00CC3238 /* FirebaseLog */,
				3FAC5F682279FBBC00CC3238 /* Products */,
				4AE6CC228167F370F1A61947 /* Pods */,
				32C449BC3E36924F6FF425D5 /* Frameworks */,
			);
			sourceTree = "<group>";
		};
		3FAC5F682279FBBC00CC3238 /* Products */ = {
			isa = PBXGroup;
			children = (
				3FAC5F672279FBBC00CC3238 /* FirebaseLog.app */,
			);
			name = Products;
			sourceTree = "<group>";
		};
		3FAC5F692279FBBC00CC3238 /* FirebaseLog */ = {
			isa = PBXGroup;
			children = (
				3FAC5F7C2279FCC800CC3238 /* SupportingFIles */,
				3F29259B227AC91500747498 /* Model */,
				3FAC5F7D2279FCE600CC3238 /* Views */,
				3FAC5F7E2279FCF600CC3238 /* Controller */,
				3F292598227AC82700747498 /* Extensions */,
			);
			path = FirebaseLog;
			sourceTree = "<group>";
		};
		3FAC5F7C2279FCC800CC3238 /* SupportingFIles */ = {
			isa = PBXGroup;
			children = (
				3FAC5F6A2279FBBC00CC3238 /* AppDelegate.swift */,
				3FAC5F762279FBBE00CC3238 /* Info.plist */,
				3FAC5F7F2279FDC400CC3238 /* GoogleService-Info.plist */,
			);
			path = SupportingFIles;
			sourceTree = "<group>";
		};
		3FAC5F7D2279FCE600CC3238 /* Views */ = {
			isa = PBXGroup;
			children = (
				3FAC5F6E2279FBBC00CC3238 /* Main.storyboard */,
				3FAC5F732279FBBE00CC3238 /* LaunchScreen.storyboard */,
				3FAC5F712279FBBE00CC3238 /* Assets.xcassets */,
			);
			path = Views;
			sourceTree = "<group>";
		};
		3FAC5F7E2279FCF600CC3238 /* Controller */ = {
			isa = PBXGroup;
			children = (
				3FAC5F6C2279FBBC00CC3238 /* ViewController.swift */,
			);
			path = Controller;
			sourceTree = "<group>";
		};
		4AE6CC228167F370F1A61947 /* Pods */ = {
			isa = PBXGroup;
			children = (
				46EC403BB8FDE6AECAC82C26 /* Pods-FirebaseLog.debug.xcconfig */,
				6B4DF325813A8AFDE2ADD11C /* Pods-FirebaseLog.release.xcconfig */,
			);
			name = Pods;
			sourceTree = "<group>";
		};
/* End PBXGroup section */

/* Begin PBXNativeTarget section */
		3FAC5F662279FBBC00CC3238 /* FirebaseLog */ = {
			isa = PBXNativeTarget;
			buildConfigurationList = 3FAC5F792279FBBE00CC3238 /* Build configuration list for PBXNativeTarget "FirebaseLog" */;
			buildPhases = (
				2DCFD44D842CD0CFEC563516 /* [CP] Check Pods Manifest.lock */,
				3FAC5F632279FBBC00CC3238 /* Sources */,
				3FAC5F642279FBBC00CC3238 /* Frameworks */,
				3FAC5F652279FBBC00CC3238 /* Resources */,
				5D7AD7E8BA07F38A1BA235E5 /* [CP] Embed Pods Frameworks */,
				DA5739FD12BD617B926FE41F /* [CP] Copy Pods Resources */,
			);
			buildRules = (
			);
			dependencies = (
			);
			name = FirebaseLog;
			productName = FirebaseLog;
			productReference = 3FAC5F672279FBBC00CC3238 /* FirebaseLog.app */;
			productType = "com.apple.product-type.application";
		};
/* End PBXNativeTarget section */

/* Begin PBXProject section */
		3FAC5F5F2279FBBC00CC3238 /* Project object */ = {
			isa = PBXProject;
			attributes = {
				LastSwiftUpdateCheck = 1020;
				LastUpgradeCheck = 1020;
				ORGANIZATIONNAME = "William Désécot";
				TargetAttributes = {
					3FAC5F662279FBBC00CC3238 = {
						CreatedOnToolsVersion = 10.2.1;
					};
				};
			};
			buildConfigurationList = 3FAC5F622279FBBC00CC3238 /* Build configuration list for PBXProject "FirebaseLog" */;
			compatibilityVersion = "Xcode 9.3";
			developmentRegion = en;
			hasScannedForEncodings = 0;
			knownRegions = (
				en,
				Base,
			);
			mainGroup = 3FAC5F5E2279FBBC00CC3238;
			productRefGroup = 3FAC5F682279FBBC00CC3238 /* Products */;
			projectDirPath = "";
			projectRoot = "";
			targets = (
				3FAC5F662279FBBC00CC3238 /* FirebaseLog */,
			);
		};
/* End PBXProject section */

/* Begin PBXResourcesBuildPhase section */
		3FAC5F652279FBBC00CC3238 /* Resources */ = {
			isa = PBXResourcesBuildPhase;
			buildActionMask = 2147483647;
			files = (
				3FAC5F752279FBBE00CC3238 /* LaunchScreen.storyboard in Resources */,
				3FAC5F802279FDC400CC3238 /* GoogleService-Info.plist in Resources */,
				3FAC5F722279FBBE00CC3238 /* Assets.xcassets in Resources */,
				3FAC5F702279FBBC00CC3238 /* Main.storyboard in Resources */,
			);
			runOnlyForDeploymentPostprocessing = 0;
		};
/* End PBXResourcesBuildPhase section */

/* Begin PBXShellScriptBuildPhase section */
		2DCFD44D842CD0CFEC563516 /* [CP] Check Pods Manifest.lock */ = {
			isa = PBXShellScriptBuildPhase;
			buildActionMask = 2147483647;
			files = (
			);
			inputFileListPaths = (
			);
			inputPaths = (
				"${PODS_PODFILE_DIR_PATH}/Podfile.lock",
				"${PODS_ROOT}/Manifest.lock",
			);
			name = "[CP] Check Pods Manifest.lock";
			outputFileListPaths = (
			);
			outputPaths = (
				"$(DERIVED_FILE_DIR)/Pods-FirebaseLog-checkManifestLockResult.txt",
			);
			runOnlyForDeploymentPostprocessing = 0;
			shellPath = /bin/sh;
			shellScript = "diff \"${PODS_PODFILE_DIR_PATH}/Podfile.lock\" \"${PODS_ROOT}/Manifest.lock\" > /dev/null\nif [ $? != 0 ] ; then\n    # print error to STDERR\n    echo \"error: The sandbox is not in sync with the Podfile.lock. Run 'pod install' or update your CocoaPods installation.\" >&2\n    exit 1\nfi\n# This output is used by Xcode 'outputs' to avoid re-running this script phase.\necho \"SUCCESS\" > \"${SCRIPT_OUTPUT_FILE_0}\"\n";
			showEnvVarsInLog = 0;
		};
		5D7AD7E8BA07F38A1BA235E5 /* [CP] Embed Pods Frameworks */ = {
			isa = PBXShellScriptBuildPhase;
			buildActionMask = 2147483647;
			files = (
			);
			inputFileListPaths = (
			);
			inputPaths = (
				"${SRCROOT}/Pods/Target Support Files/Pods-FirebaseLog/Pods-FirebaseLog-frameworks.sh",
				"${BUILT_PRODUCTS_DIR}/Bolts/Bolts.framework",
				"${BUILT_PRODUCTS_DIR}/FBSDKCoreKit/FBSDKCoreKit.framework",
				"${BUILT_PRODUCTS_DIR}/FBSDKLoginKit/FBSDKLoginKit.framework",
				"${BUILT_PRODUCTS_DIR}/FBSDKShareKit/FBSDKShareKit.framework",
				"${BUILT_PRODUCTS_DIR}/GTMSessionFetcher/GTMSessionFetcher.framework",
				"${BUILT_PRODUCTS_DIR}/GoogleToolboxForMac/GoogleToolboxForMac.framework",
				"${BUILT_PRODUCTS_DIR}/GoogleUtilities/GoogleUtilities.framework",
				"${PODS_ROOT}/TwitterCore/iOS/TwitterCore.framework",
				"${PODS_ROOT}/TwitterKit/iOS/TwitterKit.framework",
				"${BUILT_PRODUCTS_DIR}/nanopb/nanopb.framework",
			);
			name = "[CP] Embed Pods Frameworks";
			outputFileListPaths = (
			);
			outputPaths = (
				"${TARGET_BUILD_DIR}/${FRAMEWORKS_FOLDER_PATH}/Bolts.framework",
				"${TARGET_BUILD_DIR}/${FRAMEWORKS_FOLDER_PATH}/FBSDKCoreKit.framework",
				"${TARGET_BUILD_DIR}/${FRAMEWORKS_FOLDER_PATH}/FBSDKLoginKit.framework",
				"${TARGET_BUILD_DIR}/${FRAMEWORKS_FOLDER_PATH}/FBSDKShareKit.framework",
				"${TARGET_BUILD_DIR}/${FRAMEWORKS_FOLDER_PATH}/GTMSessionFetcher.framework",
				"${TARGET_BUILD_DIR}/${FRAMEWORKS_FOLDER_PATH}/GoogleToolboxForMac.framework",
				"${TARGET_BUILD_DIR}/${FRAMEWORKS_FOLDER_PATH}/GoogleUtilities.framework",
				"${TARGET_BUILD_DIR}/${FRAMEWORKS_FOLDER_PATH}/TwitterCore.framework",
				"${TARGET_BUILD_DIR}/${FRAMEWORKS_FOLDER_PATH}/TwitterKit.framework",
				"${TARGET_BUILD_DIR}/${FRAMEWORKS_FOLDER_PATH}/nanopb.framework",
			);
			runOnlyForDeploymentPostprocessing = 0;
			shellPath = /bin/sh;
			shellScript = "\"${SRCROOT}/Pods/Target Support Files/Pods-FirebaseLog/Pods-FirebaseLog-frameworks.sh\"\n";
			showEnvVarsInLog = 0;
		};
		DA5739FD12BD617B926FE41F /* [CP] Copy Pods Resources */ = {
			isa = PBXShellScriptBuildPhase;
			buildActionMask = 2147483647;
			files = (
			);
			inputFileListPaths = (
			);
			inputPaths = (
				"${SRCROOT}/Pods/Target Support Files/Pods-FirebaseLog/Pods-FirebaseLog-resources.sh",
				"${PODS_ROOT}/GoogleSignIn/Resources/GoogleSignIn.bundle",
				"${PODS_ROOT}/TwitterKit/iOS/TwitterKit.framework/TwitterKitResources.bundle",
			);
			name = "[CP] Copy Pods Resources";
			outputFileListPaths = (
			);
			outputPaths = (
				"${TARGET_BUILD_DIR}/${UNLOCALIZED_RESOURCES_FOLDER_PATH}/GoogleSignIn.bundle",
				"${TARGET_BUILD_DIR}/${UNLOCALIZED_RESOURCES_FOLDER_PATH}/TwitterKitResources.bundle",
			);
			runOnlyForDeploymentPostprocessing = 0;
			shellPath = /bin/sh;
			shellScript = "\"${SRCROOT}/Pods/Target Support Files/Pods-FirebaseLog/Pods-FirebaseLog-resources.sh\"\n";
			showEnvVarsInLog = 0;
		};
/* End PBXShellScriptBuildPhase section */

/* Begin PBXSourcesBuildPhase section */
		3FAC5F632279FBBC00CC3238 /* Sources */ = {
			isa = PBXSourcesBuildPhase;
			buildActionMask = 2147483647;
			files = (
				3FAC5F6D2279FBBC00CC3238 /* ViewController.swift in Sources */,
				3F231C5A227B92D40029E22C /* AuthManager.swift in Sources */,
				3F29259A227AC87400747498 /* ScrollViewExtension.swift in Sources */,
				3F29259D227AC92300747498 /* Alerts.swift in Sources */,
				3F231C58227B92110029E22C /* MailExtension.swift in Sources */,
				3FAC5F6B2279FBBC00CC3238 /* AppDelegate.swift in Sources */,
			);
			runOnlyForDeploymentPostprocessing = 0;
		};
/* End PBXSourcesBuildPhase section */

/* Begin PBXVariantGroup section */
		3FAC5F6E2279FBBC00CC3238 /* Main.storyboard */ = {
			isa = PBXVariantGroup;
			children = (
				3FAC5F6F2279FBBC00CC3238 /* Base */,
			);
			name = Main.storyboard;
			sourceTree = "<group>";
		};
		3FAC5F732279FBBE00CC3238 /* LaunchScreen.storyboard */ = {
			isa = PBXVariantGroup;
			children = (
				3FAC5F742279FBBE00CC3238 /* Base */,
			);
			name = LaunchScreen.storyboard;
			sourceTree = "<group>";
		};
/* End PBXVariantGroup section */

/* Begin XCBuildConfiguration section */
		3FAC5F772279FBBE00CC3238 /* Debug */ = {
			isa = XCBuildConfiguration;
			buildSettings = {
				ALWAYS_SEARCH_USER_PATHS = NO;
				CLANG_ANALYZER_NONNULL = YES;
				CLANG_ANALYZER_NUMBER_OBJECT_CONVERSION = YES_AGGRESSIVE;
				CLANG_CXX_LANGUAGE_STANDARD = "gnu++14";
				CLANG_CXX_LIBRARY = "libc++";
				CLANG_ENABLE_MODULES = YES;
				CLANG_ENABLE_OBJC_ARC = YES;
				CLANG_ENABLE_OBJC_WEAK = YES;
				CLANG_WARN_BLOCK_CAPTURE_AUTORELEASING = YES;
				CLANG_WARN_BOOL_CONVERSION = YES;
				CLANG_WARN_COMMA = YES;
				CLANG_WARN_CONSTANT_CONVERSION = YES;
				CLANG_WARN_DEPRECATED_OBJC_IMPLEMENTATIONS = YES;
				CLANG_WARN_DIRECT_OBJC_ISA_USAGE = YES_ERROR;
				CLANG_WARN_DOCUMENTATION_COMMENTS = YES;
				CLANG_WARN_EMPTY_BODY = YES;
				CLANG_WARN_ENUM_CONVERSION = YES;
				CLANG_WARN_INFINITE_RECURSION = YES;
				CLANG_WARN_INT_CONVERSION = YES;
				CLANG_WARN_NON_LITERAL_NULL_CONVERSION = YES;
				CLANG_WARN_OBJC_IMPLICIT_RETAIN_SELF = YES;
				CLANG_WARN_OBJC_LITERAL_CONVERSION = YES;
				CLANG_WARN_OBJC_ROOT_CLASS = YES_ERROR;
				CLANG_WARN_RANGE_LOOP_ANALYSIS = YES;
				CLANG_WARN_STRICT_PROTOTYPES = YES;
				CLANG_WARN_SUSPICIOUS_MOVE = YES;
				CLANG_WARN_UNGUARDED_AVAILABILITY = YES_AGGRESSIVE;
				CLANG_WARN_UNREACHABLE_CODE = YES;
				CLANG_WARN__DUPLICATE_METHOD_MATCH = YES;
				CODE_SIGN_IDENTITY = "iPhone Developer";
				COPY_PHASE_STRIP = NO;
				DEBUG_INFORMATION_FORMAT = dwarf;
				ENABLE_STRICT_OBJC_MSGSEND = YES;
				ENABLE_TESTABILITY = YES;
				GCC_C_LANGUAGE_STANDARD = gnu11;
				GCC_DYNAMIC_NO_PIC = NO;
				GCC_NO_COMMON_BLOCKS = YES;
				GCC_OPTIMIZATION_LEVEL = 0;
				GCC_PREPROCESSOR_DEFINITIONS = (
					"DEBUG=1",
					"$(inherited)",
				);
				GCC_WARN_64_TO_32_BIT_CONVERSION = YES;
				GCC_WARN_ABOUT_RETURN_TYPE = YES_ERROR;
				GCC_WARN_UNDECLARED_SELECTOR = YES;
				GCC_WARN_UNINITIALIZED_AUTOS = YES_AGGRESSIVE;
				GCC_WARN_UNUSED_FUNCTION = YES;
				GCC_WARN_UNUSED_VARIABLE = YES;
				IPHONEOS_DEPLOYMENT_TARGET = 12.2;
				MTL_ENABLE_DEBUG_INFO = INCLUDE_SOURCE;
				MTL_FAST_MATH = YES;
				ONLY_ACTIVE_ARCH = YES;
				SDKROOT = iphoneos;
				SWIFT_ACTIVE_COMPILATION_CONDITIONS = DEBUG;
				SWIFT_OPTIMIZATION_LEVEL = "-Onone";
			};
			name = Debug;
		};
		3FAC5F782279FBBE00CC3238 /* Release */ = {
			isa = XCBuildConfiguration;
			buildSettings = {
				ALWAYS_SEARCH_USER_PATHS = NO;
				CLANG_ANALYZER_NONNULL = YES;
				CLANG_ANALYZER_NUMBER_OBJECT_CONVERSION = YES_AGGRESSIVE;
				CLANG_CXX_LANGUAGE_STANDARD = "gnu++14";
				CLANG_CXX_LIBRARY = "libc++";
				CLANG_ENABLE_MODULES = YES;
				CLANG_ENABLE_OBJC_ARC = YES;
				CLANG_ENABLE_OBJC_WEAK = YES;
				CLANG_WARN_BLOCK_CAPTURE_AUTORELEASING = YES;
				CLANG_WARN_BOOL_CONVERSION = YES;
				CLANG_WARN_COMMA = YES;
				CLANG_WARN_CONSTANT_CONVERSION = YES;
				CLANG_WARN_DEPRECATED_OBJC_IMPLEMENTATIONS = YES;
				CLANG_WARN_DIRECT_OBJC_ISA_USAGE = YES_ERROR;
				CLANG_WARN_DOCUMENTATION_COMMENTS = YES;
				CLANG_WARN_EMPTY_BODY = YES;
				CLANG_WARN_ENUM_CONVERSION = YES;
				CLANG_WARN_INFINITE_RECURSION = YES;
				CLANG_WARN_INT_CONVERSION = YES;
				CLANG_WARN_NON_LITERAL_NULL_CONVERSION = YES;
				CLANG_WARN_OBJC_IMPLICIT_RETAIN_SELF = YES;
				CLANG_WARN_OBJC_LITERAL_CONVERSION = YES;
				CLANG_WARN_OBJC_ROOT_CLASS = YES_ERROR;
				CLANG_WARN_RANGE_LOOP_ANALYSIS = YES;
				CLANG_WARN_STRICT_PROTOTYPES = YES;
				CLANG_WARN_SUSPICIOUS_MOVE = YES;
				CLANG_WARN_UNGUARDED_AVAILABILITY = YES_AGGRESSIVE;
				CLANG_WARN_UNREACHABLE_CODE = YES;
				CLANG_WARN__DUPLICATE_METHOD_MATCH = YES;
				CODE_SIGN_IDENTITY = "iPhone Developer";
				COPY_PHASE_STRIP = NO;
				DEBUG_INFORMATION_FORMAT = "dwarf-with-dsym";
				ENABLE_NS_ASSERTIONS = NO;
				ENABLE_STRICT_OBJC_MSGSEND = YES;
				GCC_C_LANGUAGE_STANDARD = gnu11;
				GCC_NO_COMMON_BLOCKS = YES;
				GCC_WARN_64_TO_32_BIT_CONVERSION = YES;
				GCC_WARN_ABOUT_RETURN_TYPE = YES_ERROR;
				GCC_WARN_UNDECLARED_SELECTOR = YES;
				GCC_WARN_UNINITIALIZED_AUTOS = YES_AGGRESSIVE;
				GCC_WARN_UNUSED_FUNCTION = YES;
				GCC_WARN_UNUSED_VARIABLE = YES;
				IPHONEOS_DEPLOYMENT_TARGET = 12.2;
				MTL_ENABLE_DEBUG_INFO = NO;
				MTL_FAST_MATH = YES;
				SDKROOT = iphoneos;
				SWIFT_COMPILATION_MODE = wholemodule;
				SWIFT_OPTIMIZATION_LEVEL = "-O";
				VALIDATE_PRODUCT = YES;
			};
			name = Release;
		};
		3FAC5F7A2279FBBE00CC3238 /* Debug */ = {
			isa = XCBuildConfiguration;
			baseConfigurationReference = 46EC403BB8FDE6AECAC82C26 /* Pods-FirebaseLog.debug.xcconfig */;
			buildSettings = {
				ASSETCATALOG_COMPILER_APPICON_NAME = AppIcon;
				CODE_SIGN_STYLE = Automatic;
				DEVELOPMENT_TEAM = LGXH6EX8FJ;
				INFOPLIST_FILE = "$(SRCROOT)/FirebaseLog/SupportingFIles/Info.plist";
				LD_RUNPATH_SEARCH_PATHS = (
					"$(inherited)",
					"@executable_path/Frameworks",
				);
				PRODUCT_BUNDLE_IDENTIFIER = com.william.FirebaseLog;
				PRODUCT_NAME = "$(TARGET_NAME)";
				SWIFT_VERSION = 5.0;
				TARGETED_DEVICE_FAMILY = "1,2";
			};
			name = Debug;
		};
		3FAC5F7B2279FBBE00CC3238 /* Release */ = {
			isa = XCBuildConfiguration;
			baseConfigurationReference = 6B4DF325813A8AFDE2ADD11C /* Pods-FirebaseLog.release.xcconfig */;
			buildSettings = {
				ASSETCATALOG_COMPILER_APPICON_NAME = AppIcon;
				CODE_SIGN_STYLE = Automatic;
				DEVELOPMENT_TEAM = LGXH6EX8FJ;
				INFOPLIST_FILE = "$(SRCROOT)/FirebaseLog/SupportingFIles/Info.plist";
				LD_RUNPATH_SEARCH_PATHS = (
					"$(inherited)",
					"@executable_path/Frameworks",
				);
				PRODUCT_BUNDLE_IDENTIFIER = com.william.FirebaseLog;
				PRODUCT_NAME = "$(TARGET_NAME)";
				SWIFT_VERSION = 5.0;
				TARGETED_DEVICE_FAMILY = "1,2";
			};
			name = Release;
		};
/* End XCBuildConfiguration section */

/* Begin XCConfigurationList section */
		3FAC5F622279FBBC00CC3238 /* Build configuration list for PBXProject "FirebaseLog" */ = {
			isa = XCConfigurationList;
			buildConfigurations = (
				3FAC5F772279FBBE00CC3238 /* Debug */,
				3FAC5F782279FBBE00CC3238 /* Release */,
			);
			defaultConfigurationIsVisible = 0;
			defaultConfigurationName = Release;
		};
		3FAC5F792279FBBE00CC3238 /* Build configuration list for PBXNativeTarget "FirebaseLog" */ = {
			isa = XCConfigurationList;
			buildConfigurations = (
				3FAC5F7A2279FBBE00CC3238 /* Debug */,
				3FAC5F7B2279FBBE00CC3238 /* Release */,
			);
			defaultConfigurationIsVisible = 0;
			defaultConfigurationName = Release;
		};
/* End XCConfigurationList section */
	};
	rootObject = 3FAC5F5F2279FBBC00CC3238 /* Project object */;
}
